
Microsoft Visual Studio Solution File, Format Version 12.00
# Visual Studio Version 17
VisualStudioVersion = 17.7.34018.315
MinimumVisualStudioVersion = 10.0.40219.1
Project("{FAE04EC0-301F-11D3-BF4B-00C04F79EFBC}") = "SP.UWP", "SP\SP.UWP\SP.UWP.csproj", "{F4D84F49-5BF9-4941-BF56-886458011C79}"
EndProject
Project("{FAE04EC0-301F-11D3-BF4B-00C04F79EFBC}") = "SP.Android", "SP\SP.Android\SP.Android.csproj", "{64EA9192-CB2E-451C-B68C-F9B80D64CAF0}"
EndProject
Project("{FAE04EC0-301F-11D3-BF4B-00C04F79EFBC}") = "SP.iOS", "SP\SP.iOS\SP.iOS.csproj", "{AA7C980E-1AD6-4A10-BD54-3117DE652C80}"
EndProject
Project("{9A19103F-16F7-4668-BE54-9A1E7A4F7556}") = "SP", "SP\SP\SP.csproj", "{2FC44E85-833D-45BE-B651-7FB1F0A148F5}"
EndProject
Project("{FAE04EC0-301F-11D3-BF4B-00C04F79EFBC}") = "SP.Tests", "SP.Tests\SP.Tests.csproj", "{D95DA1FC-45B3-43E9-9699-DB765F344980}"
EndProject
Project("{2150E333-8FDC-42A3-9474-1A3956D46DE8}") = "Presentation", "Presentation", "{C27FCC1A-D5F5-403E-B08B-2950956FAA31}"
EndProject
Project("{2150E333-8FDC-42A3-9474-1A3956D46DE8}") = "Tests", "Tests", "{9A770BAE-8263-4A8C-B1C5-1ADF2CF28395}"
EndProject
Global
	GlobalSection(SolutionConfigurationPlatforms) = preSolution
		Debug|Any CPU = Debug|Any CPU
		Debug|ARM = Debug|ARM
		Debug|iPhone = Debug|iPhone
		Debug|iPhoneSimulator = Debug|iPhoneSimulator
		Debug|x64 = Debug|x64
		Debug|x86 = Debug|x86
		Release|Any CPU = Release|Any CPU
		Release|ARM = Release|ARM
		Release|iPhone = Release|iPhone
		Release|iPhoneSimulator = Release|iPhoneSimulator
		Release|x64 = Release|x64
		Release|x86 = Release|x86
	EndGlobalSection
	GlobalSection(ProjectConfigurationPlatforms) = postSolution
		{F4D84F49-5BF9-4941-BF56-886458011C79}.Debug|Any CPU.ActiveCfg = Debug|x64
		{F4D84F49-5BF9-4941-BF56-886458011C79}.Debug|Any CPU.Build.0 = Debug|x64
		{F4D84F49-5BF9-4941-BF56-886458011C79}.Debug|Any CPU.Deploy.0 = Debug|x64
		{F4D84F49-5BF9-4941-BF56-886458011C79}.Debug|ARM.ActiveCfg = Debug|ARM
		{F4D84F49-5BF9-4941-BF56-886458011C79}.Debug|ARM.Build.0 = Debug|ARM
		{F4D84F49-5BF9-4941-BF56-886458011C79}.Debug|ARM.Deploy.0 = Debug|ARM
		{F4D84F49-5BF9-4941-BF56-886458011C79}.Debug|iPhone.ActiveCfg = Debug|x64
		{F4D84F49-5BF9-4941-BF56-886458011C79}.Debug|iPhone.Build.0 = Debug|x64
		{F4D84F49-5BF9-4941-BF56-886458011C79}.Debug|iPhone.Deploy.0 = Debug|x64
		{F4D84F49-5BF9-4941-BF56-886458011C79}.Debug|iPhoneSimulator.ActiveCfg = Debug|x64
		{F4D84F49-5BF9-4941-BF56-886458011C79}.Debug|iPhoneSimulator.Build.0 = Debug|x64
		{F4D84F49-5BF9-4941-BF56-886458011C79}.Debug|iPhoneSimulator.Deploy.0 = Debug|x64
		{F4D84F49-5BF9-4941-BF56-886458011C79}.Debug|x64.ActiveCfg = Debug|x64
		{F4D84F49-5BF9-4941-BF56-886458011C79}.Debug|x64.Build.0 = Debug|x64
		{F4D84F49-5BF9-4941-BF56-886458011C79}.Debug|x64.Deploy.0 = Debug|x64
		{F4D84F49-5BF9-4941-BF56-886458011C79}.Debug|x86.ActiveCfg = Debug|x86
		{F4D84F49-5BF9-4941-BF56-886458011C79}.Debug|x86.Build.0 = Debug|x86
		{F4D84F49-5BF9-4941-BF56-886458011C79}.Debug|x86.Deploy.0 = Debug|x86
		{F4D84F49-5BF9-4941-BF56-886458011C79}.Release|Any CPU.ActiveCfg = Release|x64
		{F4D84F49-5BF9-4941-BF56-886458011C79}.Release|Any CPU.Build.0 = Release|x64
		{F4D84F49-5BF9-4941-BF56-886458011C79}.Release|Any CPU.Deploy.0 = Release|x64
		{F4D84F49-5BF9-4941-BF56-886458011C79}.Release|ARM.ActiveCfg = Release|ARM
		{F4D84F49-5BF9-4941-BF56-886458011C79}.Release|ARM.Build.0 = Release|ARM
		{F4D84F49-5BF9-4941-BF56-886458011C79}.Release|ARM.Deploy.0 = Release|ARM
		{F4D84F49-5BF9-4941-BF56-886458011C79}.Release|iPhone.ActiveCfg = Release|x64
		{F4D84F49-5BF9-4941-BF56-886458011C79}.Release|iPhone.Build.0 = Release|x64
		{F4D84F49-5BF9-4941-BF56-886458011C79}.Release|iPhone.Deploy.0 = Release|x64
		{F4D84F49-5BF9-4941-BF56-886458011C79}.Release|iPhoneSimulator.ActiveCfg = Release|x64
		{F4D84F49-5BF9-4941-BF56-886458011C79}.Release|iPhoneSimulator.Build.0 = Release|x64
		{F4D84F49-5BF9-4941-BF56-886458011C79}.Release|iPhoneSimulator.Deploy.0 = Release|x64
		{F4D84F49-5BF9-4941-BF56-886458011C79}.Release|x64.ActiveCfg = Release|x64
		{F4D84F49-5BF9-4941-BF56-886458011C79}.Release|x64.Build.0 = Release|x64
		{F4D84F49-5BF9-4941-BF56-886458011C79}.Release|x64.Deploy.0 = Release|x64
		{F4D84F49-5BF9-4941-BF56-886458011C79}.Release|x86.ActiveCfg = Release|x86
		{F4D84F49-5BF9-4941-BF56-886458011C79}.Release|x86.Build.0 = Release|x86
		{F4D84F49-5BF9-4941-BF56-886458011C79}.Release|x86.Deploy.0 = Release|x86
		{64EA9192-CB2E-451C-B68C-F9B80D64CAF0}.Debug|Any CPU.ActiveCfg = Debug|Any CPU
		{64EA9192-CB2E-451C-B68C-F9B80D64CAF0}.Debug|Any CPU.Build.0 = Debug|Any CPU
		{64EA9192-CB2E-451C-B68C-F9B80D64CAF0}.Debug|Any CPU.Deploy.0 = Debug|Any CPU
		{64EA9192-CB2E-451C-B68C-F9B80D64CAF0}.Debug|ARM.ActiveCfg = Debug|Any CPU
		{64EA9192-CB2E-451C-B68C-F9B80D64CAF0}.Debug|ARM.Build.0 = Debug|Any CPU
		{64EA9192-CB2E-451C-B68C-F9B80D64CAF0}.Debug|ARM.Deploy.0 = Debug|Any CPU
		{64EA9192-CB2E-451C-B68C-F9B80D64CAF0}.Debug|iPhone.ActiveCfg = Debug|Any CPU
		{64EA9192-CB2E-451C-B68C-F9B80D64CAF0}.Debug|iPhone.Build.0 = Debug|Any CPU
		{64EA9192-CB2E-451C-B68C-F9B80D64CAF0}.Debug|iPhone.Deploy.0 = Debug|Any CPU
		{64EA9192-CB2E-451C-B68C-F9B80D64CAF0}.Debug|iPhoneSimulator.ActiveCfg = Debug|Any CPU
		{64EA9192-CB2E-451C-B68C-F9B80D64CAF0}.Debug|iPhoneSimulator.Build.0 = Debug|Any CPU
		{64EA9192-CB2E-451C-B68C-F9B80D64CAF0}.Debug|iPhoneSimulator.Deploy.0 = Debug|Any CPU
		{64EA9192-CB2E-451C-B68C-F9B80D64CAF0}.Debug|x64.ActiveCfg = Debug|Any CPU
		{64EA9192-CB2E-451C-B68C-F9B80D64CAF0}.Debug|x64.Build.0 = Debug|Any CPU
		{64EA9192-CB2E-451C-B68C-F9B80D64CAF0}.Debug|x64.Deploy.0 = Debug|Any CPU
		{64EA9192-CB2E-451C-B68C-F9B80D64CAF0}.Debug|x86.ActiveCfg = Debug|Any CPU
		{64EA9192-CB2E-451C-B68C-F9B80D64CAF0}.Debug|x86.Build.0 = Debug|Any CPU
		{64EA9192-CB2E-451C-B68C-F9B80D64CAF0}.Debug|x86.Deploy.0 = Debug|Any CPU
		{64EA9192-CB2E-451C-B68C-F9B80D64CAF0}.Release|Any CPU.ActiveCfg = Release|Any CPU
		{64EA9192-CB2E-451C-B68C-F9B80D64CAF0}.Release|Any CPU.Build.0 = Release|Any CPU
		{64EA9192-CB2E-451C-B68C-F9B80D64CAF0}.Release|Any CPU.Deploy.0 = Release|Any CPU
		{64EA9192-CB2E-451C-B68C-F9B80D64CAF0}.Release|ARM.ActiveCfg = Release|Any CPU
		{64EA9192-CB2E-451C-B68C-F9B80D64CAF0}.Release|ARM.Build.0 = Release|Any CPU
		{64EA9192-CB2E-451C-B68C-F9B80D64CAF0}.Release|ARM.Deploy.0 = Release|Any CPU
		{64EA9192-CB2E-451C-B68C-F9B80D64CAF0}.Release|iPhone.ActiveCfg = Release|Any CPU
		{64EA9192-CB2E-451C-B68C-F9B80D64CAF0}.Release|iPhone.Build.0 = Release|Any CPU
		{64EA9192-CB2E-451C-B68C-F9B80D64CAF0}.Release|iPhone.Deploy.0 = Release|Any CPU
		{64EA9192-CB2E-451C-B68C-F9B80D64CAF0}.Release|iPhoneSimulator.ActiveCfg = Release|Any CPU
		{64EA9192-CB2E-451C-B68C-F9B80D64CAF0}.Release|iPhoneSimulator.Build.0 = Release|Any CPU
		{64EA9192-CB2E-451C-B68C-F9B80D64CAF0}.Release|iPhoneSimulator.Deploy.0 = Release|Any CPU
		{64EA9192-CB2E-451C-B68C-F9B80D64CAF0}.Release|x64.ActiveCfg = Release|Any CPU
		{64EA9192-CB2E-451C-B68C-F9B80D64CAF0}.Release|x64.Build.0 = Release|Any CPU
		{64EA9192-CB2E-451C-B68C-F9B80D64CAF0}.Release|x64.Deploy.0 = Release|Any CPU
		{64EA9192-CB2E-451C-B68C-F9B80D64CAF0}.Release|x86.ActiveCfg = Release|Any CPU
		{64EA9192-CB2E-451C-B68C-F9B80D64CAF0}.Release|x86.Build.0 = Release|Any CPU
		{64EA9192-CB2E-451C-B68C-F9B80D64CAF0}.Release|x86.Deploy.0 = Release|Any CPU
		{AA7C980E-1AD6-4A10-BD54-3117DE652C80}.Debug|Any CPU.ActiveCfg = Debug|iPhoneSimulator
		{AA7C980E-1AD6-4A10-BD54-3117DE652C80}.Debug|Any CPU.Build.0 = Debug|iPhoneSimulator
		{AA7C980E-1AD6-4A10-BD54-3117DE652C80}.Debug|Any CPU.Deploy.0 = Debug|iPhoneSimulator
		{AA7C980E-1AD6-4A10-BD54-3117DE652C80}.Debug|ARM.ActiveCfg = Debug|iPhoneSimulator
		{AA7C980E-1AD6-4A10-BD54-3117DE652C80}.Debug|ARM.Build.0 = Debug|iPhoneSimulator
		{AA7C980E-1AD6-4A10-BD54-3117DE652C80}.Debug|ARM.Deploy.0 = Debug|iPhoneSimulator
		{AA7C980E-1AD6-4A10-BD54-3117DE652C80}.Debug|iPhone.ActiveCfg = Debug|iPhone
		{AA7C980E-1AD6-4A10-BD54-3117DE652C80}.Debug|iPhone.Build.0 = Debug|iPhone
		{AA7C980E-1AD6-4A10-BD54-3117DE652C80}.Debug|iPhone.Deploy.0 = Debug|iPhone
		{AA7C980E-1AD6-4A10-BD54-3117DE652C80}.Debug|iPhoneSimulator.ActiveCfg = Debug|iPhoneSimulator
		{AA7C980E-1AD6-4A10-BD54-3117DE652C80}.Debug|iPhoneSimulator.Build.0 = Debug|iPhoneSimulator
		{AA7C980E-1AD6-4A10-BD54-3117DE652C80}.Debug|iPhoneSimulator.Deploy.0 = Debug|iPhoneSimulator
		{AA7C980E-1AD6-4A10-BD54-3117DE652C80}.Debug|x64.ActiveCfg = Debug|iPhone
		{AA7C980E-1AD6-4A10-BD54-3117DE652C80}.Debug|x64.Build.0 = Debug|iPhone
		{AA7C980E-1AD6-4A10-BD54-3117DE652C80}.Debug|x64.Deploy.0 = Debug|iPhone
		{AA7C980E-1AD6-4A10-BD54-3117DE652C80}.Debug|x86.ActiveCfg = Debug|iPhoneSimulator
		{AA7C980E-1AD6-4A10-BD54-3117DE652C80}.Debug|x86.Build.0 = Debug|iPhoneSimulator
		{AA7C980E-1AD6-4A10-BD54-3117DE652C80}.Debug|x86.Deploy.0 = Debug|iPhoneSimulator
		{AA7C980E-1AD6-4A10-BD54-3117DE652C80}.Release|Any CPU.ActiveCfg = Release|iPhoneSimulator
		{AA7C980E-1AD6-4A10-BD54-3117DE652C80}.Release|Any CPU.Build.0 = Release|iPhoneSimulator
		{AA7C980E-1AD6-4A10-BD54-3117DE652C80}.Release|Any CPU.Deploy.0 = Release|iPhoneSimulator
		{AA7C980E-1AD6-4A10-BD54-3117DE652C80}.Release|ARM.ActiveCfg = Release|iPhoneSimulator
		{AA7C980E-1AD6-4A10-BD54-3117DE652C80}.Release|ARM.Build.0 = Release|iPhoneSimulator
		{AA7C980E-1AD6-4A10-BD54-3117DE652C80}.Release|ARM.Deploy.0 = Release|iPhoneSimulator
		{AA7C980E-1AD6-4A10-BD54-3117DE652C80}.Release|iPhone.ActiveCfg = Release|iPhone
		{AA7C980E-1AD6-4A10-BD54-3117DE652C80}.Release|iPhone.Build.0 = Release|iPhone
		{AA7C980E-1AD6-4A10-BD54-3117DE652C80}.Release|iPhone.Deploy.0 = Release|iPhone
		{AA7C980E-1AD6-4A10-BD54-3117DE652C80}.Release|iPhoneSimulator.ActiveCfg = Release|iPhoneSimulator
		{AA7C980E-1AD6-4A10-BD54-3117DE652C80}.Release|iPhoneSimulator.Build.0 = Release|iPhoneSimulator
		{AA7C980E-1AD6-4A10-BD54-3117DE652C80}.Release|iPhoneSimulator.Deploy.0 = Release|iPhoneSimulator
		{AA7C980E-1AD6-4A10-BD54-3117DE652C80}.Release|x64.ActiveCfg = Release|iPhoneSimulator
		{AA7C980E-1AD6-4A10-BD54-3117DE652C80}.Release|x64.Build.0 = Release|iPhoneSimulator
		{AA7C980E-1AD6-4A10-BD54-3117DE652C80}.Release|x64.Deploy.0 = Release|iPhoneSimulator
		{AA7C980E-1AD6-4A10-BD54-3117DE652C80}.Release|x86.ActiveCfg = Release|iPhoneSimulator
		{AA7C980E-1AD6-4A10-BD54-3117DE652C80}.Release|x86.Build.0 = Release|iPhoneSimulator
		{AA7C980E-1AD6-4A10-BD54-3117DE652C80}.Release|x86.Deploy.0 = Release|iPhoneSimulator
		{2FC44E85-833D-45BE-B651-7FB1F0A148F5}.Debug|Any CPU.ActiveCfg = Debug|Any CPU
		{2FC44E85-833D-45BE-B651-7FB1F0A148F5}.Debug|Any CPU.Build.0 = Debug|Any CPU
		{2FC44E85-833D-45BE-B651-7FB1F0A148F5}.Debug|Any CPU.Deploy.0 = Debug|Any CPU
		{2FC44E85-833D-45BE-B651-7FB1F0A148F5}.Debug|ARM.ActiveCfg = Debug|Any CPU
		{2FC44E85-833D-45BE-B651-7FB1F0A148F5}.Debug|ARM.Build.0 = Debug|Any CPU
		{2FC44E85-833D-45BE-B651-7FB1F0A148F5}.Debug|ARM.Deploy.0 = Debug|Any CPU
		{2FC44E85-833D-45BE-B651-7FB1F0A148F5}.Debug|iPhone.ActiveCfg = Debug|Any CPU
		{2FC44E85-833D-45BE-B651-7FB1F0A148F5}.Debug|iPhone.Build.0 = Debug|Any CPU
		{2FC44E85-833D-45BE-B651-7FB1F0A148F5}.Debug|iPhone.Deploy.0 = Debug|Any CPU
		{2FC44E85-833D-45BE-B651-7FB1F0A148F5}.Debug|iPhoneSimulator.ActiveCfg = Debug|Any CPU
		{2FC44E85-833D-45BE-B651-7FB1F0A148F5}.Debug|iPhoneSimulator.Build.0 = Debug|Any CPU
		{2FC44E85-833D-45BE-B651-7FB1F0A148F5}.Debug|iPhoneSimulator.Deploy.0 = Debug|Any CPU
		{2FC44E85-833D-45BE-B651-7FB1F0A148F5}.Debug|x64.ActiveCfg = Debug|Any CPU
		{2FC44E85-833D-45BE-B651-7FB1F0A148F5}.Debug|x64.Build.0 = Debug|Any CPU
		{2FC44E85-833D-45BE-B651-7FB1F0A148F5}.Debug|x64.Deploy.0 = Debug|Any CPU
		{2FC44E85-833D-45BE-B651-7FB1F0A148F5}.Debug|x86.ActiveCfg = Debug|Any CPU
		{2FC44E85-833D-45BE-B651-7FB1F0A148F5}.Debug|x86.Build.0 = Debug|Any CPU
		{2FC44E85-833D-45BE-B651-7FB1F0A148F5}.Debug|x86.Deploy.0 = Debug|Any CPU
		{2FC44E85-833D-45BE-B651-7FB1F0A148F5}.Release|Any CPU.ActiveCfg = Release|Any CPU
		{2FC44E85-833D-45BE-B651-7FB1F0A148F5}.Release|Any CPU.Build.0 = Release|Any CPU
		{2FC44E85-833D-45BE-B651-7FB1F0A148F5}.Release|Any CPU.Deploy.0 = Release|Any CPU
		{2FC44E85-833D-45BE-B651-7FB1F0A148F5}.Release|ARM.ActiveCfg = Release|Any CPU
		{2FC44E85-833D-45BE-B651-7FB1F0A148F5}.Release|ARM.Build.0 = Release|Any CPU
		{2FC44E85-833D-45BE-B651-7FB1F0A148F5}.Release|ARM.Deploy.0 = Release|Any CPU
		{2FC44E85-833D-45BE-B651-7FB1F0A148F5}.Release|iPhone.ActiveCfg = Release|Any CPU
		{2FC44E85-833D-45BE-B651-7FB1F0A148F5}.Release|iPhone.Build.0 = Release|Any CPU
		{2FC44E85-833D-45BE-B651-7FB1F0A148F5}.Release|iPhone.Deploy.0 = Release|Any CPU
		{2FC44E85-833D-45BE-B651-7FB1F0A148F5}.Release|iPhoneSimulator.ActiveCfg = Release|Any CPU
		{2FC44E85-833D-45BE-B651-7FB1F0A148F5}.Release|iPhoneSimulator.Build.0 = Release|Any CPU
		{2FC44E85-833D-45BE-B651-7FB1F0A148F5}.Release|iPhoneSimulator.Deploy.0 = Release|Any CPU
		{2FC44E85-833D-45BE-B651-7FB1F0A148F5}.Release|x64.ActiveCfg = Release|Any CPU
		{2FC44E85-833D-45BE-B651-7FB1F0A148F5}.Release|x64.Build.0 = Release|Any CPU
		{2FC44E85-833D-45BE-B651-7FB1F0A148F5}.Release|x64.Deploy.0 = Release|Any CPU
		{2FC44E85-833D-45BE-B651-7FB1F0A148F5}.Release|x86.ActiveCfg = Release|Any CPU
		{2FC44E85-833D-45BE-B651-7FB1F0A148F5}.Release|x86.Build.0 = Release|Any CPU
		{2FC44E85-833D-45BE-B651-7FB1F0A148F5}.Release|x86.Deploy.0 = Release|Any CPU
		{D95DA1FC-45B3-43E9-9699-DB765F344980}.Debug|Any CPU.ActiveCfg = Debug|Any CPU
		{D95DA1FC-45B3-43E9-9699-DB765F344980}.Debug|Any CPU.Build.0 = Debug|Any CPU
		{D95DA1FC-45B3-43E9-9699-DB765F344980}.Debug|ARM.ActiveCfg = Debug|Any CPU
		{D95DA1FC-45B3-43E9-9699-DB765F344980}.Debug|ARM.Build.0 = Debug|Any CPU
		{D95DA1FC-45B3-43E9-9699-DB765F344980}.Debug|iPhone.ActiveCfg = Debug|Any CPU
		{D95DA1FC-45B3-43E9-9699-DB765F344980}.Debug|iPhone.Build.0 = Debug|Any CPU
		{D95DA1FC-45B3-43E9-9699-DB765F344980}.Debug|iPhoneSimulator.ActiveCfg = Debug|Any CPU
		{D95DA1FC-45B3-43E9-9699-DB765F344980}.Debug|iPhoneSimulator.Build.0 = Debug|Any CPU
		{D95DA1FC-45B3-43E9-9699-DB765F344980}.Debug|x64.ActiveCfg = Debug|Any CPU
		{D95DA1FC-45B3-43E9-9699-DB765F344980}.Debug|x64.Build.0 = Debug|Any CPU
		{D95DA1FC-45B3-43E9-9699-DB765F344980}.Debug|x86.ActiveCfg = Debug|Any CPU
		{D95DA1FC-45B3-43E9-9699-DB765F344980}.Debug|x86.Build.0 = Debug|Any CPU
		{D95DA1FC-45B3-43E9-9699-DB765F344980}.Release|Any CPU.ActiveCfg = Release|Any CPU
		{D95DA1FC-45B3-43E9-9699-DB765F344980}.Release|Any CPU.Build.0 = Release|Any CPU
		{D95DA1FC-45B3-43E9-9699-DB765F344980}.Release|ARM.ActiveCfg = Release|Any CPU
		{D95DA1FC-45B3-43E9-9699-DB765F344980}.Release|ARM.Build.0 = Release|Any CPU
		{D95DA1FC-45B3-43E9-9699-DB765F344980}.Release|iPhone.ActiveCfg = Release|Any CPU
		{D95DA1FC-45B3-43E9-9699-DB765F344980}.Release|iPhone.Build.0 = Release|Any CPU
		{D95DA1FC-45B3-43E9-9699-DB765F344980}.Release|iPhoneSimulator.ActiveCfg = Release|Any CPU
		{D95DA1FC-45B3-43E9-9699-DB765F344980}.Release|iPhoneSimulator.Build.0 = Release|Any CPU
		{D95DA1FC-45B3-43E9-9699-DB765F344980}.Release|x64.ActiveCfg = Release|Any CPU
		{D95DA1FC-45B3-43E9-9699-DB765F344980}.Release|x64.Build.0 = Release|Any CPU
		{D95DA1FC-45B3-43E9-9699-DB765F344980}.Release|x86.ActiveCfg = Release|Any CPU
		{D95DA1FC-45B3-43E9-9699-DB765F344980}.Release|x86.Build.0 = Release|Any CPU
	EndGlobalSection
	GlobalSection(SolutionProperties) = preSolution
		HideSolutionNode = FALSE
	EndGlobalSection
	GlobalSection(NestedProjects) = preSolution
		{F4D84F49-5BF9-4941-BF56-886458011C79} = {C27FCC1A-D5F5-403E-B08B-2950956FAA31}
		{64EA9192-CB2E-451C-B68C-F9B80D64CAF0} = {C27FCC1A-D5F5-403E-B08B-2950956FAA31}
		{AA7C980E-1AD6-4A10-BD54-3117DE652C80} = {C27FCC1A-D5F5-403E-B08B-2950956FAA31}
		{2FC44E85-833D-45BE-B651-7FB1F0A148F5} = {C27FCC1A-D5F5-403E-B08B-2950956FAA31}
		{D95DA1FC-45B3-43E9-9699-DB765F344980} = {9A770BAE-8263-4A8C-B1C5-1ADF2CF28395}
	EndGlobalSection
	GlobalSection(ExtensibilityGlobals) = postSolution
		SolutionGuid = {E260267F-4F5B-486A-B6D1-D3D9D6977BC4}
	EndGlobalSection
EndGlobal
